{
  "name": "GisApi",
  "lockfileVersion": 2,
  "requires": true,
  "packages": {
    "": {
      "dependencies": {
        "@2gis/mapgl-clusterer": "^2.4.3"
      }
    },
    "node_modules/@2gis/mapgl-clusterer": {
      "version": "2.4.3",
      "resolved": "https://registry.npmjs.org/@2gis/mapgl-clusterer/-/mapgl-clusterer-2.4.3.tgz",
      "integrity": "sha512-ObeX0eaqN9VwP9DEJmr9iFqWy7rBS4/NOYANUotzeJBgcdVSMav83FTKCP01glSl52ufCrlbfa06/3l330oBIg==",
      "dependencies": {
        "@types/supercluster": "^5.0.2"
      }
    },
    "node_modules/@types/geojson": {
      "version": "7946.0.8",
      "resolved": "https://registry.npmjs.org/@types/geojson/-/geojson-7946.0.8.tgz",
      "integrity": "sha512-1rkryxURpr6aWP7R786/UQOkJ3PcpQiWkAXBmdWc7ryFWqN6a4xfK7BtjXvFBKO9LjQ+MWQSWxYeZX1OApnArA=="
    },
    "node_modules/@types/supercluster": {
      "version": "5.0.3",
      "resolved": "https://registry.npmjs.org/@types/supercluster/-/supercluster-5.0.3.tgz",
      "integrity": "sha512-XMSqQEr7YDuNtFwSgaHHOjsbi0ZGL62V9Js4CW45RBuRYlNWSW/KDqN+RFFE7HdHcGhJPtN0klKvw06r9Kg7rg==",
      "dependencies": {
        "@types/geojson": "*"
      }
    }
  },
  "dependencies": {
    "@2gis/mapgl-clusterer": {
      "version": "2.4.3",
      "resolved": "https://registry.npmjs.org/@2gis/mapgl-clusterer/-/mapgl-clusterer-2.4.3.tgz",
      "integrity": "sha512-ObeX0eaqN9VwP9DEJmr9iFqWy7rBS4/NOYANUotzeJBgcdVSMav83FTKCP01glSl52ufCrlbfa06/3l330oBIg==",
      "requires": {
        "@types/supercluster": "^5.0.2"
      }
    },
    "@types/geojson": {
      "version": "7946.0.8",
      "resolved": "https://registry.npmjs.org/@types/geojson/-/geojson-7946.0.8.tgz",
      "integrity": "sha512-1rkryxURpr6aWP7R786/UQOkJ3PcpQiWkAXBmdWc7ryFWqN6a4xfK7BtjXvFBKO9LjQ+MWQSWxYeZX1OApnArA=="
    },
    "@types/supercluster": {
      "version": "5.0.3",
      "resolved": "https://registry.npmjs.org/@types/supercluster/-/supercluster-5.0.3.tgz",
      "integrity": "sha512-XMSqQEr7YDuNtFwSgaHHOjsbi0ZGL62V9Js4CW45RBuRYlNWSW/KDqN+RFFE7HdHcGhJPtN0klKvw06r9Kg7rg==",
      "requires": {
        "@types/geojson": "*"
      }
    }
  }
}
